
Microsoft Visual Studio Solution File, Format Version 12.00
Project("{FAE04EC0-301F-11D3-BF4B-00C04F79EFBC}") = "TeamHostApp.WEB", "TeamHostApp.WEB\TeamHostApp.WEB.csproj", "{F3F01167-1EA1-454B-9C48-B21824BB1F29}"
EndProject
Project("{2150E333-8FDC-42A3-9474-1A3956D46DE8}") = "Core", "Core", "{79F2875E-4874-4196-B763-66C3154F3D26}"
EndProject
Project("{2150E333-8FDC-42A3-9474-1A3956D46DE8}") = "Infrastructure", "Infrastructure", "{6FB2F22C-96D2-4EB3-A447-B75D9DB401BB}"
EndProject
Project("{2150E333-8FDC-42A3-9474-1A3956D46DE8}") = "Shared", "Shared", "{DCE0A926-DAD4-4581-8AD3-7AB3B3800EAD}"
EndProject
Project("{FAE04EC0-301F-11D3-BF4B-00C04F79EFBC}") = "TeamHost.Application", "TeamHost.Application\TeamHost.Application.csproj", "{19499248-6B29-4E80-9AA2-9B223A3A8FB6}"
EndProject
Project("{FAE04EC0-301F-11D3-BF4B-00C04F79EFBC}") = "TeamHost.Domain", "TeamHost.Domain\TeamHost.Domain.csproj", "{A33E6B48-CBA1-4874-9337-2C32E1EEF46D}"
EndProject
Project("{FAE04EC0-301F-11D3-BF4B-00C04F79EFBC}") = "TeamHost.Infrastructure", "TeamHost.Infrastructure\TeamHost.Infrastructure.csproj", "{D09D49BE-A855-4F5D-91E4-8E5CE0789B2A}"
EndProject
Project("{FAE04EC0-301F-11D3-BF4B-00C04F79EFBC}") = "TeamHost.Persistence", "TeamHost.Persistence\TeamHost.Persistence.csproj", "{2F06979F-8712-481B-80DA-13FAFC4AD6D2}"
EndProject
Project("{2150E333-8FDC-42A3-9474-1A3956D46DE8}") = "Presentation", "Presentation", "{201C9AAF-A257-4ADE-B56F-1DBF5DB3D4B4}"
EndProject
Project("{FAE04EC0-301F-11D3-BF4B-00C04F79EFBC}") = "Shared", "Shared\Shared.csproj", "{84205DD8-F70E-45D5-AC9C-9B5927AABE34}"
EndProject
Global
	GlobalSection(SolutionConfigurationPlatforms) = preSolution
		Debug|Any CPU = Debug|Any CPU
		Release|Any CPU = Release|Any CPU
	EndGlobalSection
	GlobalSection(ProjectConfigurationPlatforms) = postSolution
		{F3F01167-1EA1-454B-9C48-B21824BB1F29}.Debug|Any CPU.ActiveCfg = Debug|Any CPU
		{F3F01167-1EA1-454B-9C48-B21824BB1F29}.Debug|Any CPU.Build.0 = Debug|Any CPU
		{F3F01167-1EA1-454B-9C48-B21824BB1F29}.Release|Any CPU.ActiveCfg = Release|Any CPU
		{F3F01167-1EA1-454B-9C48-B21824BB1F29}.Release|Any CPU.Build.0 = Release|Any CPU
		{19499248-6B29-4E80-9AA2-9B223A3A8FB6}.Debug|Any CPU.ActiveCfg = Debug|Any CPU
		{19499248-6B29-4E80-9AA2-9B223A3A8FB6}.Debug|Any CPU.Build.0 = Debug|Any CPU
		{19499248-6B29-4E80-9AA2-9B223A3A8FB6}.Release|Any CPU.ActiveCfg = Release|Any CPU
		{19499248-6B29-4E80-9AA2-9B223A3A8FB6}.Release|Any CPU.Build.0 = Release|Any CPU
		{A33E6B48-CBA1-4874-9337-2C32E1EEF46D}.Debug|Any CPU.ActiveCfg = Debug|Any CPU
		{A33E6B48-CBA1-4874-9337-2C32E1EEF46D}.Debug|Any CPU.Build.0 = Debug|Any CPU
		{A33E6B48-CBA1-4874-9337-2C32E1EEF46D}.Release|Any CPU.ActiveCfg = Release|Any CPU
		{A33E6B48-CBA1-4874-9337-2C32E1EEF46D}.Release|Any CPU.Build.0 = Release|Any CPU
		{D09D49BE-A855-4F5D-91E4-8E5CE0789B2A}.Debug|Any CPU.ActiveCfg = Debug|Any CPU
		{D09D49BE-A855-4F5D-91E4-8E5CE0789B2A}.Debug|Any CPU.Build.0 = Debug|Any CPU
		{D09D49BE-A855-4F5D-91E4-8E5CE0789B2A}.Release|Any CPU.ActiveCfg = Release|Any CPU
		{D09D49BE-A855-4F5D-91E4-8E5CE0789B2A}.Release|Any CPU.Build.0 = Release|Any CPU
		{2F06979F-8712-481B-80DA-13FAFC4AD6D2}.Debug|Any CPU.ActiveCfg = Debug|Any CPU
		{2F06979F-8712-481B-80DA-13FAFC4AD6D2}.Debug|Any CPU.Build.0 = Debug|Any CPU
		{2F06979F-8712-481B-80DA-13FAFC4AD6D2}.Release|Any CPU.ActiveCfg = Release|Any CPU
		{2F06979F-8712-481B-80DA-13FAFC4AD6D2}.Release|Any CPU.Build.0 = Release|Any CPU
		{84205DD8-F70E-45D5-AC9C-9B5927AABE34}.Debug|Any CPU.ActiveCfg = Debug|Any CPU
		{84205DD8-F70E-45D5-AC9C-9B5927AABE34}.Debug|Any CPU.Build.0 = Debug|Any CPU
		{84205DD8-F70E-45D5-AC9C-9B5927AABE34}.Release|Any CPU.ActiveCfg = Release|Any CPU
		{84205DD8-F70E-45D5-AC9C-9B5927AABE34}.Release|Any CPU.Build.0 = Release|Any CPU
	EndGlobalSection
	GlobalSection(NestedProjects) = preSolution
		{19499248-6B29-4E80-9AA2-9B223A3A8FB6} = {79F2875E-4874-4196-B763-66C3154F3D26}
		{A33E6B48-CBA1-4874-9337-2C32E1EEF46D} = {79F2875E-4874-4196-B763-66C3154F3D26}
		{D09D49BE-A855-4F5D-91E4-8E5CE0789B2A} = {6FB2F22C-96D2-4EB3-A447-B75D9DB401BB}
		{2F06979F-8712-481B-80DA-13FAFC4AD6D2} = {6FB2F22C-96D2-4EB3-A447-B75D9DB401BB}
		{F3F01167-1EA1-454B-9C48-B21824BB1F29} = {201C9AAF-A257-4ADE-B56F-1DBF5DB3D4B4}
		{84205DD8-F70E-45D5-AC9C-9B5927AABE34} = {DCE0A926-DAD4-4581-8AD3-7AB3B3800EAD}
	EndGlobalSection
EndGlobal
